// !$*UTF8*$!
{
	archiveVersion = 1;
	classes = {
	};
	objectVersion = 56;
	objects = {

/* Begin PBXBuildFile section */
		721341472B3B55D100AACD27 /* WeeklyPlannerApp.swift in Sources */ = {isa = PBXBuildFile; fileRef = 721341462B3B55D100AACD27 /* WeeklyPlannerApp.swift */; };
		7213414B2B3B55D200AACD27 /* Assets.xcassets in Resources */ = {isa = PBXBuildFile; fileRef = 7213414A2B3B55D200AACD27 /* Assets.xcassets */; };
		721341532B3B55D200AACD27 /* WeeklyPlanner.xcdatamodeld in Sources */ = {isa = PBXBuildFile; fileRef = 721341512B3B55D200AACD27 /* WeeklyPlanner.xcdatamodeld */; };
		7213415D2B3B55D300AACD27 /* WeeklyPlannerTests.swift in Sources */ = {isa = PBXBuildFile; fileRef = 7213415C2B3B55D300AACD27 /* WeeklyPlannerTests.swift */; };
		721341672B3B55D300AACD27 /* WeeklyPlannerUITests.swift in Sources */ = {isa = PBXBuildFile; fileRef = 721341662B3B55D300AACD27 /* WeeklyPlannerUITests.swift */; };
		721341692B3B55D300AACD27 /* WeeklyPlannerUITestsLaunchTests.swift in Sources */ = {isa = PBXBuildFile; fileRef = 721341682B3B55D300AACD27 /* WeeklyPlannerUITestsLaunchTests.swift */; };
		7213417A2B3B838500AACD27 /* ToDoItemCategory.swift in Sources */ = {isa = PBXBuildFile; fileRef = 721341792B3B838500AACD27 /* ToDoItemCategory.swift */; };
		721341802B3C9F9A00AACD27 /* DayOfTheWeek.swift in Sources */ = {isa = PBXBuildFile; fileRef = 7213417F2B3C9F9A00AACD27 /* DayOfTheWeek.swift */; };
		72206B462C97D3DA004FE043 /* SelectTaskCell.swift in Sources */ = {isa = PBXBuildFile; fileRef = 72206B452C97D3DA004FE043 /* SelectTaskCell.swift */; };
		72206B4E2C99E7AB004FE043 /* WeekOverviewViewModel.swift in Sources */ = {isa = PBXBuildFile; fileRef = 72206B4D2C99E7AB004FE043 /* WeekOverviewViewModel.swift */; };
		72206B512C9A3412004FE043 /* WeekScheduleViewModel.swift in Sources */ = {isa = PBXBuildFile; fileRef = 72206B502C9A3412004FE043 /* WeekScheduleViewModel.swift */; };
		72206B552C9BBAFF004FE043 /* TaskListsViewModel.swift in Sources */ = {isa = PBXBuildFile; fileRef = 72206B542C9BBAFF004FE043 /* TaskListsViewModel.swift */; };
		72206B5A2C9BD59D004FE043 /* SelectTasksViewModel.swift in Sources */ = {isa = PBXBuildFile; fileRef = 72206B592C9BD59D004FE043 /* SelectTasksViewModel.swift */; };
		722A8A422C1B6C1100E8C318 /* SelectTasksView.swift in Sources */ = {isa = PBXBuildFile; fileRef = 722A8A412C1B6C1100E8C318 /* SelectTasksView.swift */; };
		722A8A472C1B729B00E8C318 /* TaskType.swift in Sources */ = {isa = PBXBuildFile; fileRef = 722A8A462C1B729B00E8C318 /* TaskType.swift */; };
		724ADD182D0FD69000F2D54C /* DateFunctions.swift in Sources */ = {isa = PBXBuildFile; fileRef = 724ADD172D0FD69000F2D54C /* DateFunctions.swift */; };
		725AAB8A2C0AB3AC001D8CA8 /* Labels.swift in Sources */ = {isa = PBXBuildFile; fileRef = 725AAB892C0AB3AC001D8CA8 /* Labels.swift */; };
		725AAB8E2C0FAFB2001D8CA8 /* MockListItems.swift in Sources */ = {isa = PBXBuildFile; fileRef = 725AAB8D2C0FAFB2001D8CA8 /* MockListItems.swift */; };
		725AAB952C178363001D8CA8 /* Tasks.rtf in Resources */ = {isa = PBXBuildFile; fileRef = 725AAB942C178363001D8CA8 /* Tasks.rtf */; };
		725AABA22C1A1D94001D8CA8 /* KeyboardReadable.swift in Sources */ = {isa = PBXBuildFile; fileRef = 725AABA12C1A1D94001D8CA8 /* KeyboardReadable.swift */; };
		727252492D4EF231007E1267 /* AddOrSelectItemsAlert.swift in Sources */ = {isa = PBXBuildFile; fileRef = 727252482D4EF231007E1267 /* AddOrSelectItemsAlert.swift */; };
		7272524B2D4EF51A007E1267 /* RemoveOrDeleteItemsAlert.swift in Sources */ = {isa = PBXBuildFile; fileRef = 7272524A2D4EF51A007E1267 /* RemoveOrDeleteItemsAlert.swift */; };
		7272524D2D4EF6BF007E1267 /* TaskItem+Extensions.swift in Sources */ = {isa = PBXBuildFile; fileRef = 7272524C2D4EF6BF007E1267 /* TaskItem+Extensions.swift */; };
		7273697D2D50A17C003CF384 /* DayScheduleViewModel.swift in Sources */ = {isa = PBXBuildFile; fileRef = 7273697C2D50A17C003CF384 /* DayScheduleViewModel.swift */; };
		7281BBD62C01559200855655 /* TaskListsTabBar.swift in Sources */ = {isa = PBXBuildFile; fileRef = 7281BBD52C01559200855655 /* TaskListsTabBar.swift */; };
		7281BBD82C06BD4C00855655 /* CoreDataController.swift in Sources */ = {isa = PBXBuildFile; fileRef = 7281BBD72C06BD4C00855655 /* CoreDataController.swift */; };
		7281BBDB2C070DD000855655 /* MockDailySchedules.swift in Sources */ = {isa = PBXBuildFile; fileRef = 7281BBDA2C070DD000855655 /* MockDailySchedules.swift */; };
		7281BBDE2C07B83400855655 /* CustomColours.swift in Sources */ = {isa = PBXBuildFile; fileRef = 7281BBDD2C07B83400855655 /* CustomColours.swift */; };
		728B72482D3C4C5900B4054F /* CollapsibleView.swift in Sources */ = {isa = PBXBuildFile; fileRef = 728B72472D3C4C5900B4054F /* CollapsibleView.swift */; };
		729072E92D8A7C0C00B3546C /* MainView.swift in Sources */ = {isa = PBXBuildFile; fileRef = 729072E82D8A7C0C00B3546C /* MainView.swift */; };
		729072EB2D8A8BD600B3546C /* WeeklyScheduleView.swift in Sources */ = {isa = PBXBuildFile; fileRef = 729072EA2D8A8BD600B3546C /* WeeklyScheduleView.swift */; };
		729072EF2D8A92C900B3546C /* MainViewModel.swift in Sources */ = {isa = PBXBuildFile; fileRef = 729072EE2D8A92C900B3546C /* MainViewModel.swift */; };
		729072F12D8D2E9700B3546C /* AddTaskView.swift in Sources */ = {isa = PBXBuildFile; fileRef = 729072F02D8D2E9700B3546C /* AddTaskView.swift */; };
		729072F42DA3990A00B3546C /* TextInputs.swift in Sources */ = {isa = PBXBuildFile; fileRef = 729072F32DA3990A00B3546C /* TextInputs.swift */; };
		729072F62DA4DE2F00B3546C /* Buttons.swift in Sources */ = {isa = PBXBuildFile; fileRef = 729072F52DA4DE2E00B3546C /* Buttons.swift */; };
		729072F82DA4E2E900B3546C /* AddTaskItemSheet.swift in Sources */ = {isa = PBXBuildFile; fileRef = 729072F72DA4E2E900B3546C /* AddTaskItemSheet.swift */; };
		729072FA2DA4E45000B3546C /* EditTaskItemSheet.swift in Sources */ = {isa = PBXBuildFile; fileRef = 729072F92DA4E45000B3546C /* EditTaskItemSheet.swift */; };
		72A7B4702D066D950089B7D2 /* WeeklySchedule+Extensions.swift in Sources */ = {isa = PBXBuildFile; fileRef = 72A7B46F2D066D950089B7D2 /* WeeklySchedule+Extensions.swift */; };
		72A822542D0428BA002C3356 /* SnappingScrollView.swift in Sources */ = {isa = PBXBuildFile; fileRef = 72A822532D0428BA002C3356 /* SnappingScrollView.swift */; };
		72B0D5FB2C48505600C44784 /* CustomFonts.swift in Sources */ = {isa = PBXBuildFile; fileRef = 72B0D5FA2C48505600C44784 /* CustomFonts.swift */; };
		72B0D6022C487FC800C44784 /* TaskListsTabBarItem.swift in Sources */ = {isa = PBXBuildFile; fileRef = 72B0D6012C487FC800C44784 /* TaskListsTabBarItem.swift */; };
		72B0D6062C48812B00C44784 /* TaskItemCell.swift in Sources */ = {isa = PBXBuildFile; fileRef = 72B0D6052C48812B00C44784 /* TaskItemCell.swift */; };
		72B7D2312D017DC000B106BB /* AddTaskViewModel.swift in Sources */ = {isa = PBXBuildFile; fileRef = 72B7D2302D017DC000B106BB /* AddTaskViewModel.swift */; };
		72B7D2332D01806A00B106BB /* TaskItemViewModel.swift in Sources */ = {isa = PBXBuildFile; fileRef = 72B7D2322D01806A00B106BB /* TaskItemViewModel.swift */; };
		72B7D2352D02C8EF00B106BB /* DailySchedule+Extensions.swift in Sources */ = {isa = PBXBuildFile; fileRef = 72B7D2342D02C8EF00B106BB /* DailySchedule+Extensions.swift */; };
		72BFACC22D66F91400D6A56F /* BlurredBackgroundView.swift in Sources */ = {isa = PBXBuildFile; fileRef = 72BFACC12D66F91400D6A56F /* BlurredBackgroundView.swift */; };
		72D107F52CBDB7E100A777EC /* EditableTaskItemCell.swift in Sources */ = {isa = PBXBuildFile; fileRef = 72D107F42CBDB7E100A777EC /* EditableTaskItemCell.swift */; };
		72D107F72CBDB7EC00A777EC /* TaskItemCellViewModel.swift in Sources */ = {isa = PBXBuildFile; fileRef = 72D107F62CBDB7EC00A777EC /* TaskItemCellViewModel.swift */; };
		72D107F92CBDBEE300A777EC /* NotesView.swift in Sources */ = {isa = PBXBuildFile; fileRef = 72D107F82CBDBEE300A777EC /* NotesView.swift */; };
		72D390372D55D91900529419 /* TaskItemList.swift in Sources */ = {isa = PBXBuildFile; fileRef = 72D390362D55D91900529419 /* TaskItemList.swift */; };
		72D390392D55D9CA00529419 /* EditableTaskItemList.swift in Sources */ = {isa = PBXBuildFile; fileRef = 72D390382D55D9CA00529419 /* EditableTaskItemList.swift */; };
		72DEDEDB2C7DB3030099F3E0 /* DayScheduleView.swift in Sources */ = {isa = PBXBuildFile; fileRef = 72DEDEDA2C7DB3030099F3E0 /* DayScheduleView.swift */; };
		72DFBD052BE9F2CE0009EE03 /* WeekOverviewView.swift in Sources */ = {isa = PBXBuildFile; fileRef = 72DFBD042BE9F2CE0009EE03 /* WeekOverviewView.swift */; };
		72DFBD072BE9F38F0009EE03 /* WeekScheduleView.swift in Sources */ = {isa = PBXBuildFile; fileRef = 72DFBD062BE9F38F0009EE03 /* WeekScheduleView.swift */; };
		72DFBD092BE9F3F10009EE03 /* TaskListsView.swift in Sources */ = {isa = PBXBuildFile; fileRef = 72DFBD082BE9F3F10009EE03 /* TaskListsView.swift */; };
		72E474232C82AAA50074FF40 /* EditTaskViewModel.swift in Sources */ = {isa = PBXBuildFile; fileRef = 72E474222C82AAA50074FF40 /* EditTaskViewModel.swift */; };
/* End PBXBuildFile section */

/* Begin PBXContainerItemProxy section */
		721341592B3B55D300AACD27 /* PBXContainerItemProxy */ = {
			isa = PBXContainerItemProxy;
			containerPortal = 7213413B2B3B55D100AACD27 /* Project object */;
			proxyType = 1;
			remoteGlobalIDString = 721341422B3B55D100AACD27;
			remoteInfo = WeeklyPlanner;
		};
		721341632B3B55D300AACD27 /* PBXContainerItemProxy */ = {
			isa = PBXContainerItemProxy;
			containerPortal = 7213413B2B3B55D100AACD27 /* Project object */;
			proxyType = 1;
			remoteGlobalIDString = 721341422B3B55D100AACD27;
			remoteInfo = WeeklyPlanner;
		};
/* End PBXContainerItemProxy section */

/* Begin PBXFileReference section */
		721341432B3B55D100AACD27 /* WeeklyPlanner.app */ = {isa = PBXFileReference; explicitFileType = wrapper.application; includeInIndex = 0; path = WeeklyPlanner.app; sourceTree = BUILT_PRODUCTS_DIR; };
		721341462B3B55D100AACD27 /* WeeklyPlannerApp.swift */ = {isa = PBXFileReference; lastKnownFileType = sourcecode.swift; path = WeeklyPlannerApp.swift; sourceTree = "<group>"; };
		7213414A2B3B55D200AACD27 /* Assets.xcassets */ = {isa = PBXFileReference; lastKnownFileType = folder.assetcatalog; path = Assets.xcassets; sourceTree = "<group>"; };
		721341522B3B55D200AACD27 /* WeeklyPlanner.xcdatamodel */ = {isa = PBXFileReference; lastKnownFileType = wrapper.xcdatamodel; path = WeeklyPlanner.xcdatamodel; sourceTree = "<group>"; };
		721341582B3B55D300AACD27 /* WeeklyPlannerTests.xctest */ = {isa = PBXFileReference; explicitFileType = wrapper.cfbundle; includeInIndex = 0; path = WeeklyPlannerTests.xctest; sourceTree = BUILT_PRODUCTS_DIR; };
		7213415C2B3B55D300AACD27 /* WeeklyPlannerTests.swift */ = {isa = PBXFileReference; lastKnownFileType = sourcecode.swift; path = WeeklyPlannerTests.swift; sourceTree = "<group>"; };
		721341622B3B55D300AACD27 /* WeeklyPlannerUITests.xctest */ = {isa = PBXFileReference; explicitFileType = wrapper.cfbundle; includeInIndex = 0; path = WeeklyPlannerUITests.xctest; sourceTree = BUILT_PRODUCTS_DIR; };
		721341662B3B55D300AACD27 /* WeeklyPlannerUITests.swift */ = {isa = PBXFileReference; lastKnownFileType = sourcecode.swift; path = WeeklyPlannerUITests.swift; sourceTree = "<group>"; };
		721341682B3B55D300AACD27 /* WeeklyPlannerUITestsLaunchTests.swift */ = {isa = PBXFileReference; lastKnownFileType = sourcecode.swift; path = WeeklyPlannerUITestsLaunchTests.swift; sourceTree = "<group>"; };
		721341792B3B838500AACD27 /* ToDoItemCategory.swift */ = {isa = PBXFileReference; lastKnownFileType = sourcecode.swift; path = ToDoItemCategory.swift; sourceTree = "<group>"; };
		7213417F2B3C9F9A00AACD27 /* DayOfTheWeek.swift */ = {isa = PBXFileReference; lastKnownFileType = sourcecode.swift; path = DayOfTheWeek.swift; sourceTree = "<group>"; };
		72206B452C97D3DA004FE043 /* SelectTaskCell.swift */ = {isa = PBXFileReference; lastKnownFileType = sourcecode.swift; path = SelectTaskCell.swift; sourceTree = "<group>"; };
		72206B4D2C99E7AB004FE043 /* WeekOverviewViewModel.swift */ = {isa = PBXFileReference; lastKnownFileType = sourcecode.swift; path = WeekOverviewViewModel.swift; sourceTree = "<group>"; };
		72206B502C9A3412004FE043 /* WeekScheduleViewModel.swift */ = {isa = PBXFileReference; lastKnownFileType = sourcecode.swift; path = WeekScheduleViewModel.swift; sourceTree = "<group>"; };
		72206B542C9BBAFF004FE043 /* TaskListsViewModel.swift */ = {isa = PBXFileReference; lastKnownFileType = sourcecode.swift; path = TaskListsViewModel.swift; sourceTree = "<group>"; };
		72206B592C9BD59D004FE043 /* SelectTasksViewModel.swift */ = {isa = PBXFileReference; lastKnownFileType = sourcecode.swift; path = SelectTasksViewModel.swift; sourceTree = "<group>"; };
		722A8A412C1B6C1100E8C318 /* SelectTasksView.swift */ = {isa = PBXFileReference; lastKnownFileType = sourcecode.swift; path = SelectTasksView.swift; sourceTree = "<group>"; };
		722A8A462C1B729B00E8C318 /* TaskType.swift */ = {isa = PBXFileReference; lastKnownFileType = sourcecode.swift; path = TaskType.swift; sourceTree = "<group>"; };
		724ADD172D0FD69000F2D54C /* DateFunctions.swift */ = {isa = PBXFileReference; lastKnownFileType = sourcecode.swift; path = DateFunctions.swift; sourceTree = "<group>"; };
		725AAB892C0AB3AC001D8CA8 /* Labels.swift */ = {isa = PBXFileReference; lastKnownFileType = sourcecode.swift; path = Labels.swift; sourceTree = "<group>"; };
		725AAB8D2C0FAFB2001D8CA8 /* MockListItems.swift */ = {isa = PBXFileReference; lastKnownFileType = sourcecode.swift; path = MockListItems.swift; sourceTree = "<group>"; };
		725AAB942C178363001D8CA8 /* Tasks.rtf */ = {isa = PBXFileReference; lastKnownFileType = text.rtf; path = Tasks.rtf; sourceTree = "<group>"; };
		725AABA12C1A1D94001D8CA8 /* KeyboardReadable.swift */ = {isa = PBXFileReference; lastKnownFileType = sourcecode.swift; path = KeyboardReadable.swift; sourceTree = "<group>"; };
		727252482D4EF231007E1267 /* AddOrSelectItemsAlert.swift */ = {isa = PBXFileReference; lastKnownFileType = sourcecode.swift; path = AddOrSelectItemsAlert.swift; sourceTree = "<group>"; };
		7272524A2D4EF51A007E1267 /* RemoveOrDeleteItemsAlert.swift */ = {isa = PBXFileReference; lastKnownFileType = sourcecode.swift; path = RemoveOrDeleteItemsAlert.swift; sourceTree = "<group>"; };
		7272524C2D4EF6BF007E1267 /* TaskItem+Extensions.swift */ = {isa = PBXFileReference; lastKnownFileType = sourcecode.swift; path = "TaskItem+Extensions.swift"; sourceTree = "<group>"; };
		7273697C2D50A17C003CF384 /* DayScheduleViewModel.swift */ = {isa = PBXFileReference; lastKnownFileType = sourcecode.swift; path = DayScheduleViewModel.swift; sourceTree = "<group>"; };
		7281BBD52C01559200855655 /* TaskListsTabBar.swift */ = {isa = PBXFileReference; lastKnownFileType = sourcecode.swift; path = TaskListsTabBar.swift; sourceTree = "<group>"; };
		7281BBD72C06BD4C00855655 /* CoreDataController.swift */ = {isa = PBXFileReference; lastKnownFileType = sourcecode.swift; path = CoreDataController.swift; sourceTree = "<group>"; };
		7281BBDA2C070DD000855655 /* MockDailySchedules.swift */ = {isa = PBXFileReference; lastKnownFileType = sourcecode.swift; path = MockDailySchedules.swift; sourceTree = "<group>"; };
		7281BBDD2C07B83400855655 /* CustomColours.swift */ = {isa = PBXFileReference; lastKnownFileType = sourcecode.swift; path = CustomColours.swift; sourceTree = "<group>"; };
		728B72472D3C4C5900B4054F /* CollapsibleView.swift */ = {isa = PBXFileReference; lastKnownFileType = sourcecode.swift; path = CollapsibleView.swift; sourceTree = "<group>"; };
		729072E82D8A7C0C00B3546C /* MainView.swift */ = {isa = PBXFileReference; lastKnownFileType = sourcecode.swift; path = MainView.swift; sourceTree = "<group>"; };
		729072EA2D8A8BD600B3546C /* WeeklyScheduleView.swift */ = {isa = PBXFileReference; lastKnownFileType = sourcecode.swift; path = WeeklyScheduleView.swift; sourceTree = "<group>"; };
		729072EE2D8A92C900B3546C /* MainViewModel.swift */ = {isa = PBXFileReference; lastKnownFileType = sourcecode.swift; path = MainViewModel.swift; sourceTree = "<group>"; };
		729072F02D8D2E9700B3546C /* AddTaskView.swift */ = {isa = PBXFileReference; lastKnownFileType = sourcecode.swift; path = AddTaskView.swift; sourceTree = "<group>"; };
		729072F32DA3990A00B3546C /* TextInputs.swift */ = {isa = PBXFileReference; lastKnownFileType = sourcecode.swift; path = TextInputs.swift; sourceTree = "<group>"; };
		729072F52DA4DE2E00B3546C /* Buttons.swift */ = {isa = PBXFileReference; lastKnownFileType = sourcecode.swift; path = Buttons.swift; sourceTree = "<group>"; };
		729072F72DA4E2E900B3546C /* AddTaskItemSheet.swift */ = {isa = PBXFileReference; lastKnownFileType = sourcecode.swift; path = AddTaskItemSheet.swift; sourceTree = "<group>"; };
		729072F92DA4E45000B3546C /* EditTaskItemSheet.swift */ = {isa = PBXFileReference; lastKnownFileType = sourcecode.swift; path = EditTaskItemSheet.swift; sourceTree = "<group>"; };
		72A7B46F2D066D950089B7D2 /* WeeklySchedule+Extensions.swift */ = {isa = PBXFileReference; lastKnownFileType = sourcecode.swift; path = "WeeklySchedule+Extensions.swift"; sourceTree = "<group>"; };
		72A822532D0428BA002C3356 /* SnappingScrollView.swift */ = {isa = PBXFileReference; lastKnownFileType = sourcecode.swift; path = SnappingScrollView.swift; sourceTree = "<group>"; };
		72B0D5FA2C48505600C44784 /* CustomFonts.swift */ = {isa = PBXFileReference; lastKnownFileType = sourcecode.swift; path = CustomFonts.swift; sourceTree = "<group>"; };
		72B0D6012C487FC800C44784 /* TaskListsTabBarItem.swift */ = {isa = PBXFileReference; lastKnownFileType = sourcecode.swift; path = TaskListsTabBarItem.swift; sourceTree = "<group>"; };
		72B0D6052C48812B00C44784 /* TaskItemCell.swift */ = {isa = PBXFileReference; lastKnownFileType = sourcecode.swift; path = TaskItemCell.swift; sourceTree = "<group>"; };
		72B7D2302D017DC000B106BB /* AddTaskViewModel.swift */ = {isa = PBXFileReference; lastKnownFileType = sourcecode.swift; path = AddTaskViewModel.swift; sourceTree = "<group>"; };
		72B7D2322D01806A00B106BB /* TaskItemViewModel.swift */ = {isa = PBXFileReference; lastKnownFileType = sourcecode.swift; path = TaskItemViewModel.swift; sourceTree = "<group>"; };
		72B7D2342D02C8EF00B106BB /* DailySchedule+Extensions.swift */ = {isa = PBXFileReference; lastKnownFileType = sourcecode.swift; path = "DailySchedule+Extensions.swift"; sourceTree = "<group>"; };
		72BFACC12D66F91400D6A56F /* BlurredBackgroundView.swift */ = {isa = PBXFileReference; lastKnownFileType = sourcecode.swift; path = BlurredBackgroundView.swift; sourceTree = "<group>"; };
		72D107F42CBDB7E100A777EC /* EditableTaskItemCell.swift */ = {isa = PBXFileReference; lastKnownFileType = sourcecode.swift; path = EditableTaskItemCell.swift; sourceTree = "<group>"; };
		72D107F62CBDB7EC00A777EC /* TaskItemCellViewModel.swift */ = {isa = PBXFileReference; lastKnownFileType = sourcecode.swift; path = TaskItemCellViewModel.swift; sourceTree = "<group>"; };
		72D107F82CBDBEE300A777EC /* NotesView.swift */ = {isa = PBXFileReference; lastKnownFileType = sourcecode.swift; path = NotesView.swift; sourceTree = "<group>"; };
		72D390362D55D91900529419 /* TaskItemList.swift */ = {isa = PBXFileReference; lastKnownFileType = sourcecode.swift; path = TaskItemList.swift; sourceTree = "<group>"; };
		72D390382D55D9CA00529419 /* EditableTaskItemList.swift */ = {isa = PBXFileReference; lastKnownFileType = sourcecode.swift; path = EditableTaskItemList.swift; sourceTree = "<group>"; };
		72DEDEDA2C7DB3030099F3E0 /* DayScheduleView.swift */ = {isa = PBXFileReference; lastKnownFileType = sourcecode.swift; path = DayScheduleView.swift; sourceTree = "<group>"; };
		72DFBD042BE9F2CE0009EE03 /* WeekOverviewView.swift */ = {isa = PBXFileReference; lastKnownFileType = sourcecode.swift; path = WeekOverviewView.swift; sourceTree = "<group>"; };
		72DFBD062BE9F38F0009EE03 /* WeekScheduleView.swift */ = {isa = PBXFileReference; lastKnownFileType = sourcecode.swift; path = WeekScheduleView.swift; sourceTree = "<group>"; };
		72DFBD082BE9F3F10009EE03 /* TaskListsView.swift */ = {isa = PBXFileReference; lastKnownFileType = sourcecode.swift; path = TaskListsView.swift; sourceTree = "<group>"; };
		72E474222C82AAA50074FF40 /* EditTaskViewModel.swift */ = {isa = PBXFileReference; lastKnownFileType = sourcecode.swift; path = EditTaskViewModel.swift; sourceTree = "<group>"; };
/* End PBXFileReference section */

/* Begin PBXFrameworksBuildPhase section */
		721341402B3B55D100AACD27 /* Frameworks */ = {
			isa = PBXFrameworksBuildPhase;
			buildActionMask = 2147483647;
			files = (
			);
			runOnlyForDeploymentPostprocessing = 0;
		};
		721341552B3B55D300AACD27 /* Frameworks */ = {
			isa = PBXFrameworksBuildPhase;
			buildActionMask = 2147483647;
			files = (
			);
			runOnlyForDeploymentPostprocessing = 0;
		};
		7213415F2B3B55D300AACD27 /* Frameworks */ = {
			isa = PBXFrameworksBuildPhase;
			buildActionMask = 2147483647;
			files = (
			);
			runOnlyForDeploymentPostprocessing = 0;
		};
/* End PBXFrameworksBuildPhase section */

/* Begin PBXGroup section */
		7213413A2B3B55D100AACD27 = {
			isa = PBXGroup;
			children = (
				721341452B3B55D100AACD27 /* WeeklyPlanner */,
				7213415B2B3B55D300AACD27 /* WeeklyPlannerTests */,
				721341652B3B55D300AACD27 /* WeeklyPlannerUITests */,
				721341442B3B55D100AACD27 /* Products */,
			);
			sourceTree = "<group>";
		};
		721341442B3B55D100AACD27 /* Products */ = {
			isa = PBXGroup;
			children = (
				721341432B3B55D100AACD27 /* WeeklyPlanner.app */,
				721341582B3B55D300AACD27 /* WeeklyPlannerTests.xctest */,
				721341622B3B55D300AACD27 /* WeeklyPlannerUITests.xctest */,
			);
			name = Products;
			sourceTree = "<group>";
		};
		721341452B3B55D100AACD27 /* WeeklyPlanner */ = {
			isa = PBXGroup;
			children = (
				725AAB882C0AB397001D8CA8 /* universalViews */,
				7281BBDC2C07B80400855655 /* uiExtensions */,
				721341762B3B5A0B00AACD27 /* library */,
				721341752B3B59EB00AACD27 /* screens */,
				7213414A2B3B55D200AACD27 /* Assets.xcassets */,
				721341512B3B55D200AACD27 /* WeeklyPlanner.xcdatamodeld */,
				725AAB942C178363001D8CA8 /* Tasks.rtf */,
			);
			path = WeeklyPlanner;
			sourceTree = "<group>";
		};
		7213415B2B3B55D300AACD27 /* WeeklyPlannerTests */ = {
			isa = PBXGroup;
			children = (
				7213415C2B3B55D300AACD27 /* WeeklyPlannerTests.swift */,
			);
			path = WeeklyPlannerTests;
			sourceTree = "<group>";
		};
		721341652B3B55D300AACD27 /* WeeklyPlannerUITests */ = {
			isa = PBXGroup;
			children = (
				721341662B3B55D300AACD27 /* WeeklyPlannerUITests.swift */,
				721341682B3B55D300AACD27 /* WeeklyPlannerUITestsLaunchTests.swift */,
			);
			path = WeeklyPlannerUITests;
			sourceTree = "<group>";
		};
		721341752B3B59EB00AACD27 /* screens */ = {
			isa = PBXGroup;
			children = (
				721341462B3B55D100AACD27 /* WeeklyPlannerApp.swift */,
				729072E82D8A7C0C00B3546C /* MainView.swift */,
				729072EE2D8A92C900B3546C /* MainViewModel.swift */,
				72DFBCFE2BE9EA620009EE03 /* main */,
				722A8A402C1B6BDF00E8C318 /* selectTasks */,
				725AAB8F2C10ED82001D8CA8 /* addTask */,
			);
			path = screens;
			sourceTree = "<group>";
		};
		721341762B3B5A0B00AACD27 /* library */ = {
			isa = PBXGroup;
			children = (
				725AAB962C18D2D2001D8CA8 /* coreData */,
				7281BBD92C070DBC00855655 /* mocks */,
				721341792B3B838500AACD27 /* ToDoItemCategory.swift */,
				7213417F2B3C9F9A00AACD27 /* DayOfTheWeek.swift */,
				722A8A462C1B729B00E8C318 /* TaskType.swift */,
				72B7D2342D02C8EF00B106BB /* DailySchedule+Extensions.swift */,
				72A7B46F2D066D950089B7D2 /* WeeklySchedule+Extensions.swift */,
				724ADD172D0FD69000F2D54C /* DateFunctions.swift */,
				7272524C2D4EF6BF007E1267 /* TaskItem+Extensions.swift */,
			);
			path = library;
			sourceTree = "<group>";
		};
		722A8A402C1B6BDF00E8C318 /* selectTasks */ = {
			isa = PBXGroup;
			children = (
				722A8A412C1B6C1100E8C318 /* SelectTasksView.swift */,
				72206B452C97D3DA004FE043 /* SelectTaskCell.swift */,
				72206B592C9BD59D004FE043 /* SelectTasksViewModel.swift */,
			);
			path = selectTasks;
			sourceTree = "<group>";
		};
		725AAB882C0AB397001D8CA8 /* universalViews */ = {
			isa = PBXGroup;
			children = (
				72D390332D55D8E800529419 /* TaskItemList */,
				727252472D4EF21E007E1267 /* Alerts */,
				725AAB892C0AB3AC001D8CA8 /* Labels.swift */,
				72D107F82CBDBEE300A777EC /* NotesView.swift */,
				72A822532D0428BA002C3356 /* SnappingScrollView.swift */,
				729072F32DA3990A00B3546C /* TextInputs.swift */,
				728B72472D3C4C5900B4054F /* CollapsibleView.swift */,
				72BFACC12D66F91400D6A56F /* BlurredBackgroundView.swift */,
				729072F52DA4DE2E00B3546C /* Buttons.swift */,
			);
			path = universalViews;
			sourceTree = "<group>";
		};
		725AAB8F2C10ED82001D8CA8 /* addTask */ = {
			isa = PBXGroup;
			children = (
				729072F02D8D2E9700B3546C /* AddTaskView.swift */,
				72E474222C82AAA50074FF40 /* EditTaskViewModel.swift */,
				72B7D2302D017DC000B106BB /* AddTaskViewModel.swift */,
				72B7D2322D01806A00B106BB /* TaskItemViewModel.swift */,
				729072F72DA4E2E900B3546C /* AddTaskItemSheet.swift */,
				729072F92DA4E45000B3546C /* EditTaskItemSheet.swift */,
			);
			path = addTask;
			sourceTree = "<group>";
		};
		725AAB962C18D2D2001D8CA8 /* coreData */ = {
			isa = PBXGroup;
			children = (
				7281BBD72C06BD4C00855655 /* CoreDataController.swift */,
			);
			path = coreData;
			sourceTree = "<group>";
		};
		727252472D4EF21E007E1267 /* Alerts */ = {
			isa = PBXGroup;
			children = (
				727252482D4EF231007E1267 /* AddOrSelectItemsAlert.swift */,
				7272524A2D4EF51A007E1267 /* RemoveOrDeleteItemsAlert.swift */,
			);
			path = Alerts;
			sourceTree = "<group>";
		};
		7281BBD92C070DBC00855655 /* mocks */ = {
			isa = PBXGroup;
			children = (
				7281BBDA2C070DD000855655 /* MockDailySchedules.swift */,
				725AAB8D2C0FAFB2001D8CA8 /* MockListItems.swift */,
			);
			path = mocks;
			sourceTree = "<group>";
		};
		7281BBDC2C07B80400855655 /* uiExtensions */ = {
			isa = PBXGroup;
			children = (
				7281BBDD2C07B83400855655 /* CustomColours.swift */,
				725AABA12C1A1D94001D8CA8 /* KeyboardReadable.swift */,
				72B0D5FA2C48505600C44784 /* CustomFonts.swift */,
			);
			path = uiExtensions;
			sourceTree = "<group>";
		};
		72B0D6002C487FB600C44784 /* tabBar */ = {
			isa = PBXGroup;
			children = (
				7281BBD52C01559200855655 /* TaskListsTabBar.swift */,
				72B0D6012C487FC800C44784 /* TaskListsTabBarItem.swift */,
			);
			path = tabBar;
			sourceTree = "<group>";
		};
		72D107F32CBDB7CA00A777EC /* taskItemCell */ = {
			isa = PBXGroup;
			children = (
				72D107F42CBDB7E100A777EC /* EditableTaskItemCell.swift */,
				72D107F62CBDB7EC00A777EC /* TaskItemCellViewModel.swift */,
				72B0D6052C48812B00C44784 /* TaskItemCell.swift */,
			);
			path = taskItemCell;
			sourceTree = "<group>";
		};
		72D390332D55D8E800529419 /* TaskItemList */ = {
			isa = PBXGroup;
			children = (
				72D107F32CBDB7CA00A777EC /* taskItemCell */,
				72D390362D55D91900529419 /* TaskItemList.swift */,
				72D390382D55D9CA00529419 /* EditableTaskItemList.swift */,
			);
			path = TaskItemList;
			sourceTree = "<group>";
		};
		72DFBCFE2BE9EA620009EE03 /* main */ = {
			isa = PBXGroup;
			children = (
				729072EA2D8A8BD600B3546C /* WeeklyScheduleView.swift */,
				72DFBD022BE9F2830009EE03 /* weekOverview */,
				72DFBD012BE9F2700009EE03 /* weekSchedule */,
				72DFBD032BE9F29D0009EE03 /* taskLists */,
			);
			path = main;
			sourceTree = "<group>";
		};
		72DFBD012BE9F2700009EE03 /* weekSchedule */ = {
			isa = PBXGroup;
			children = (
				72DFBD062BE9F38F0009EE03 /* WeekScheduleView.swift */,
				72206B502C9A3412004FE043 /* WeekScheduleViewModel.swift */,
				72DEDEDA2C7DB3030099F3E0 /* DayScheduleView.swift */,
				7273697C2D50A17C003CF384 /* DayScheduleViewModel.swift */,
			);
			path = weekSchedule;
			sourceTree = "<group>";
		};
		72DFBD022BE9F2830009EE03 /* weekOverview */ = {
			isa = PBXGroup;
			children = (
				72DFBD042BE9F2CE0009EE03 /* WeekOverviewView.swift */,
				72206B4D2C99E7AB004FE043 /* WeekOverviewViewModel.swift */,
			);
			path = weekOverview;
			sourceTree = "<group>";
		};
		72DFBD032BE9F29D0009EE03 /* taskLists */ = {
			isa = PBXGroup;
			children = (
				72B0D6002C487FB600C44784 /* tabBar */,
				72DFBD082BE9F3F10009EE03 /* TaskListsView.swift */,
				72206B542C9BBAFF004FE043 /* TaskListsViewModel.swift */,
			);
			path = taskLists;
			sourceTree = "<group>";
		};
/* End PBXGroup section */

/* Begin PBXNativeTarget section */
		721341422B3B55D100AACD27 /* WeeklyPlanner */ = {
			isa = PBXNativeTarget;
			buildConfigurationList = 7213416C2B3B55D300AACD27 /* Build configuration list for PBXNativeTarget "WeeklyPlanner" */;
			buildPhases = (
				7213413F2B3B55D100AACD27 /* Sources */,
				721341402B3B55D100AACD27 /* Frameworks */,
				721341412B3B55D100AACD27 /* Resources */,
			);
			buildRules = (
			);
			dependencies = (
			);
			name = WeeklyPlanner;
			productName = WeeklyPlanner;
			productReference = 721341432B3B55D100AACD27 /* WeeklyPlanner.app */;
			productType = "com.apple.product-type.application";
		};
		721341572B3B55D300AACD27 /* WeeklyPlannerTests */ = {
			isa = PBXNativeTarget;
			buildConfigurationList = 7213416F2B3B55D300AACD27 /* Build configuration list for PBXNativeTarget "WeeklyPlannerTests" */;
			buildPhases = (
				721341542B3B55D300AACD27 /* Sources */,
				721341552B3B55D300AACD27 /* Frameworks */,
				721341562B3B55D300AACD27 /* Resources */,
			);
			buildRules = (
			);
			dependencies = (
				7213415A2B3B55D300AACD27 /* PBXTargetDependency */,
			);
			name = WeeklyPlannerTests;
			productName = WeeklyPlannerTests;
			productReference = 721341582B3B55D300AACD27 /* WeeklyPlannerTests.xctest */;
			productType = "com.apple.product-type.bundle.unit-test";
		};
		721341612B3B55D300AACD27 /* WeeklyPlannerUITests */ = {
			isa = PBXNativeTarget;
			buildConfigurationList = 721341722B3B55D300AACD27 /* Build configuration list for PBXNativeTarget "WeeklyPlannerUITests" */;
			buildPhases = (
				7213415E2B3B55D300AACD27 /* Sources */,
				7213415F2B3B55D300AACD27 /* Frameworks */,
				721341602B3B55D300AACD27 /* Resources */,
			);
			buildRules = (
			);
			dependencies = (
				721341642B3B55D300AACD27 /* PBXTargetDependency */,
			);
			name = WeeklyPlannerUITests;
			productName = WeeklyPlannerUITests;
			productReference = 721341622B3B55D300AACD27 /* WeeklyPlannerUITests.xctest */;
			productType = "com.apple.product-type.bundle.ui-testing";
		};
/* End PBXNativeTarget section */

/* Begin PBXProject section */
		7213413B2B3B55D100AACD27 /* Project object */ = {
			isa = PBXProject;
			attributes = {
				BuildIndependentTargetsInParallel = 1;
				LastSwiftUpdateCheck = 1430;
				LastUpgradeCheck = 1430;
				TargetAttributes = {
					721341422B3B55D100AACD27 = {
						CreatedOnToolsVersion = 14.3.1;
					};
					721341572B3B55D300AACD27 = {
						CreatedOnToolsVersion = 14.3.1;
						TestTargetID = 721341422B3B55D100AACD27;
					};
					721341612B3B55D300AACD27 = {
						CreatedOnToolsVersion = 14.3.1;
						TestTargetID = 721341422B3B55D100AACD27;
					};
				};
			};
			buildConfigurationList = 7213413E2B3B55D100AACD27 /* Build configuration list for PBXProject "WeeklyPlanner" */;
			compatibilityVersion = "Xcode 14.0";
			developmentRegion = en;
			hasScannedForEncodings = 0;
			knownRegions = (
				en,
				Base,
			);
			mainGroup = 7213413A2B3B55D100AACD27;
			productRefGroup = 721341442B3B55D100AACD27 /* Products */;
			projectDirPath = "";
			projectRoot = "";
			targets = (
				721341422B3B55D100AACD27 /* WeeklyPlanner */,
				721341572B3B55D300AACD27 /* WeeklyPlannerTests */,
				721341612B3B55D300AACD27 /* WeeklyPlannerUITests */,
			);
		};
/* End PBXProject section */

/* Begin PBXResourcesBuildPhase section */
		721341412B3B55D100AACD27 /* Resources */ = {
			isa = PBXResourcesBuildPhase;
			buildActionMask = 2147483647;
			files = (
				7213414B2B3B55D200AACD27 /* Assets.xcassets in Resources */,
				725AAB952C178363001D8CA8 /* Tasks.rtf in Resources */,
			);
			runOnlyForDeploymentPostprocessing = 0;
		};
		721341562B3B55D300AACD27 /* Resources */ = {
			isa = PBXResourcesBuildPhase;
			buildActionMask = 2147483647;
			files = (
			);
			runOnlyForDeploymentPostprocessing = 0;
		};
		721341602B3B55D300AACD27 /* Resources */ = {
			isa = PBXResourcesBuildPhase;
			buildActionMask = 2147483647;
			files = (
			);
			runOnlyForDeploymentPostprocessing = 0;
		};
/* End PBXResourcesBuildPhase section */

/* Begin PBXSourcesBuildPhase section */
		7213413F2B3B55D100AACD27 /* Sources */ = {
			isa = PBXSourcesBuildPhase;
			buildActionMask = 2147483647;
			files = (
				729072EB2D8A8BD600B3546C /* WeeklyScheduleView.swift in Sources */,
				72206B462C97D3DA004FE043 /* SelectTaskCell.swift in Sources */,
				7281BBDE2C07B83400855655 /* CustomColours.swift in Sources */,
				729072F12D8D2E9700B3546C /* AddTaskView.swift in Sources */,
				72D107F52CBDB7E100A777EC /* EditableTaskItemCell.swift in Sources */,
				72B0D5FB2C48505600C44784 /* CustomFonts.swift in Sources */,
				7273697D2D50A17C003CF384 /* DayScheduleViewModel.swift in Sources */,
				729072F82DA4E2E900B3546C /* AddTaskItemSheet.swift in Sources */,
				72BFACC22D66F91400D6A56F /* BlurredBackgroundView.swift in Sources */,
				72DFBD092BE9F3F10009EE03 /* TaskListsView.swift in Sources */,
				7281BBD82C06BD4C00855655 /* CoreDataController.swift in Sources */,
				721341472B3B55D100AACD27 /* WeeklyPlannerApp.swift in Sources */,
				72B7D2332D01806A00B106BB /* TaskItemViewModel.swift in Sources */,
				72206B4E2C99E7AB004FE043 /* WeekOverviewViewModel.swift in Sources */,
				722A8A422C1B6C1100E8C318 /* SelectTasksView.swift in Sources */,
				729072F42DA3990A00B3546C /* TextInputs.swift in Sources */,
				729072EF2D8A92C900B3546C /* MainViewModel.swift in Sources */,
				725AAB8E2C0FAFB2001D8CA8 /* MockListItems.swift in Sources */,
				72A7B4702D066D950089B7D2 /* WeeklySchedule+Extensions.swift in Sources */,
				729072E92D8A7C0C00B3546C /* MainView.swift in Sources */,
				72206B552C9BBAFF004FE043 /* TaskListsViewModel.swift in Sources */,
				72E474232C82AAA50074FF40 /* EditTaskViewModel.swift in Sources */,
				72B0D6022C487FC800C44784 /* TaskListsTabBarItem.swift in Sources */,
				7281BBD62C01559200855655 /* TaskListsTabBar.swift in Sources */,
				729072FA2DA4E45000B3546C /* EditTaskItemSheet.swift in Sources */,
				721341802B3C9F9A00AACD27 /* DayOfTheWeek.swift in Sources */,
				72DEDEDB2C7DB3030099F3E0 /* DayScheduleView.swift in Sources */,
				72D390372D55D91900529419 /* TaskItemList.swift in Sources */,
				72DFBD072BE9F38F0009EE03 /* WeekScheduleView.swift in Sources */,
				72DFBD052BE9F2CE0009EE03 /* WeekOverviewView.swift in Sources */,
				72D390392D55D9CA00529419 /* EditableTaskItemList.swift in Sources */,
				72206B5A2C9BD59D004FE043 /* SelectTasksViewModel.swift in Sources */,
				7281BBDB2C070DD000855655 /* MockDailySchedules.swift in Sources */,
				72B7D2312D017DC000B106BB /* AddTaskViewModel.swift in Sources */,
				72206B512C9A3412004FE043 /* WeekScheduleViewModel.swift in Sources */,
				725AAB8A2C0AB3AC001D8CA8 /* Labels.swift in Sources */,
				724ADD182D0FD69000F2D54C /* DateFunctions.swift in Sources */,
				722A8A472C1B729B00E8C318 /* TaskType.swift in Sources */,
				72B0D6062C48812B00C44784 /* TaskItemCell.swift in Sources */,
				72D107F72CBDB7EC00A777EC /* TaskItemCellViewModel.swift in Sources */,
				72D107F92CBDBEE300A777EC /* NotesView.swift in Sources */,
				72A822542D0428BA002C3356 /* SnappingScrollView.swift in Sources */,
				7213417A2B3B838500AACD27 /* ToDoItemCategory.swift in Sources */,
				727252492D4EF231007E1267 /* AddOrSelectItemsAlert.swift in Sources */,
				725AABA22C1A1D94001D8CA8 /* KeyboardReadable.swift in Sources */,
				7272524D2D4EF6BF007E1267 /* TaskItem+Extensions.swift in Sources */,
				729072F62DA4DE2F00B3546C /* Buttons.swift in Sources */,
				7272524B2D4EF51A007E1267 /* RemoveOrDeleteItemsAlert.swift in Sources */,
				721341532B3B55D200AACD27 /* WeeklyPlanner.xcdatamodeld in Sources */,
				72B7D2352D02C8EF00B106BB /* DailySchedule+Extensions.swift in Sources */,
				728B72482D3C4C5900B4054F /* CollapsibleView.swift in Sources */,
			);
			runOnlyForDeploymentPostprocessing = 0;
		};
		721341542B3B55D300AACD27 /* Sources */ = {
			isa = PBXSourcesBuildPhase;
			buildActionMask = 2147483647;
			files = (
				7213415D2B3B55D300AACD27 /* WeeklyPlannerTests.swift in Sources */,
			);
			runOnlyForDeploymentPostprocessing = 0;
		};
		7213415E2B3B55D300AACD27 /* Sources */ = {
			isa = PBXSourcesBuildPhase;
			buildActionMask = 2147483647;
			files = (
				721341692B3B55D300AACD27 /* WeeklyPlannerUITestsLaunchTests.swift in Sources */,
				721341672B3B55D300AACD27 /* WeeklyPlannerUITests.swift in Sources */,
			);
			runOnlyForDeploymentPostprocessing = 0;
		};
/* End PBXSourcesBuildPhase section */

/* Begin PBXTargetDependency section */
		7213415A2B3B55D300AACD27 /* PBXTargetDependency */ = {
			isa = PBXTargetDependency;
			target = 721341422B3B55D100AACD27 /* WeeklyPlanner */;
			targetProxy = 721341592B3B55D300AACD27 /* PBXContainerItemProxy */;
		};
		721341642B3B55D300AACD27 /* PBXTargetDependency */ = {
			isa = PBXTargetDependency;
			target = 721341422B3B55D100AACD27 /* WeeklyPlanner */;
			targetProxy = 721341632B3B55D300AACD27 /* PBXContainerItemProxy */;
		};
/* End PBXTargetDependency section */

/* Begin XCBuildConfiguration section */
		7213416A2B3B55D300AACD27 /* Debug */ = {
			isa = XCBuildConfiguration;
			buildSettings = {
				ALWAYS_SEARCH_USER_PATHS = NO;
				CLANG_ANALYZER_NONNULL = YES;
				CLANG_ANALYZER_NUMBER_OBJECT_CONVERSION = YES_AGGRESSIVE;
				CLANG_CXX_LANGUAGE_STANDARD = "gnu++20";
				CLANG_ENABLE_MODULES = YES;
				CLANG_ENABLE_OBJC_ARC = YES;
				CLANG_ENABLE_OBJC_WEAK = YES;
				CLANG_WARN_BLOCK_CAPTURE_AUTORELEASING = YES;
				CLANG_WARN_BOOL_CONVERSION = YES;
				CLANG_WARN_COMMA = YES;
				CLANG_WARN_CONSTANT_CONVERSION = YES;
				CLANG_WARN_DEPRECATED_OBJC_IMPLEMENTATIONS = YES;
				CLANG_WARN_DIRECT_OBJC_ISA_USAGE = YES_ERROR;
				CLANG_WARN_DOCUMENTATION_COMMENTS = YES;
				CLANG_WARN_EMPTY_BODY = YES;
				CLANG_WARN_ENUM_CONVERSION = YES;
				CLANG_WARN_INFINITE_RECURSION = YES;
				CLANG_WARN_INT_CONVERSION = YES;
				CLANG_WARN_NON_LITERAL_NULL_CONVERSION = YES;
				CLANG_WARN_OBJC_IMPLICIT_RETAIN_SELF = YES;
				CLANG_WARN_OBJC_LITERAL_CONVERSION = YES;
				CLANG_WARN_OBJC_ROOT_CLASS = YES_ERROR;
				CLANG_WARN_QUOTED_INCLUDE_IN_FRAMEWORK_HEADER = YES;
				CLANG_WARN_RANGE_LOOP_ANALYSIS = YES;
				CLANG_WARN_STRICT_PROTOTYPES = YES;
				CLANG_WARN_SUSPICIOUS_MOVE = YES;
				CLANG_WARN_UNGUARDED_AVAILABILITY = YES_AGGRESSIVE;
				CLANG_WARN_UNREACHABLE_CODE = YES;
				CLANG_WARN__DUPLICATE_METHOD_MATCH = YES;
				COPY_PHASE_STRIP = NO;
				DEBUG_INFORMATION_FORMAT = dwarf;
				ENABLE_STRICT_OBJC_MSGSEND = YES;
				ENABLE_TESTABILITY = YES;
				GCC_C_LANGUAGE_STANDARD = gnu11;
				GCC_DYNAMIC_NO_PIC = NO;
				GCC_NO_COMMON_BLOCKS = YES;
				GCC_OPTIMIZATION_LEVEL = 0;
				GCC_PREPROCESSOR_DEFINITIONS = (
					"DEBUG=1",
					"$(inherited)",
				);
				GCC_WARN_64_TO_32_BIT_CONVERSION = YES;
				GCC_WARN_ABOUT_RETURN_TYPE = YES_ERROR;
				GCC_WARN_UNDECLARED_SELECTOR = YES;
				GCC_WARN_UNINITIALIZED_AUTOS = YES_AGGRESSIVE;
				GCC_WARN_UNUSED_FUNCTION = YES;
				GCC_WARN_UNUSED_VARIABLE = YES;
				IPHONEOS_DEPLOYMENT_TARGET = 16.4;
				MTL_ENABLE_DEBUG_INFO = INCLUDE_SOURCE;
				MTL_FAST_MATH = YES;
				ONLY_ACTIVE_ARCH = YES;
				SDKROOT = iphoneos;
				SWIFT_ACTIVE_COMPILATION_CONDITIONS = DEBUG;
				SWIFT_OPTIMIZATION_LEVEL = "-Onone";
			};
			name = Debug;
		};
		7213416B2B3B55D300AACD27 /* Release */ = {
			isa = XCBuildConfiguration;
			buildSettings = {
				ALWAYS_SEARCH_USER_PATHS = NO;
				CLANG_ANALYZER_NONNULL = YES;
				CLANG_ANALYZER_NUMBER_OBJECT_CONVERSION = YES_AGGRESSIVE;
				CLANG_CXX_LANGUAGE_STANDARD = "gnu++20";
				CLANG_ENABLE_MODULES = YES;
				CLANG_ENABLE_OBJC_ARC = YES;
				CLANG_ENABLE_OBJC_WEAK = YES;
				CLANG_WARN_BLOCK_CAPTURE_AUTORELEASING = YES;
				CLANG_WARN_BOOL_CONVERSION = YES;
				CLANG_WARN_COMMA = YES;
				CLANG_WARN_CONSTANT_CONVERSION = YES;
				CLANG_WARN_DEPRECATED_OBJC_IMPLEMENTATIONS = YES;
				CLANG_WARN_DIRECT_OBJC_ISA_USAGE = YES_ERROR;
				CLANG_WARN_DOCUMENTATION_COMMENTS = YES;
				CLANG_WARN_EMPTY_BODY = YES;
				CLANG_WARN_ENUM_CONVERSION = YES;
				CLANG_WARN_INFINITE_RECURSION = YES;
				CLANG_WARN_INT_CONVERSION = YES;
				CLANG_WARN_NON_LITERAL_NULL_CONVERSION = YES;
				CLANG_WARN_OBJC_IMPLICIT_RETAIN_SELF = YES;
				CLANG_WARN_OBJC_LITERAL_CONVERSION = YES;
				CLANG_WARN_OBJC_ROOT_CLASS = YES_ERROR;
				CLANG_WARN_QUOTED_INCLUDE_IN_FRAMEWORK_HEADER = YES;
				CLANG_WARN_RANGE_LOOP_ANALYSIS = YES;
				CLANG_WARN_STRICT_PROTOTYPES = YES;
				CLANG_WARN_SUSPICIOUS_MOVE = YES;
				CLANG_WARN_UNGUARDED_AVAILABILITY = YES_AGGRESSIVE;
				CLANG_WARN_UNREACHABLE_CODE = YES;
				CLANG_WARN__DUPLICATE_METHOD_MATCH = YES;
				COPY_PHASE_STRIP = NO;
				DEBUG_INFORMATION_FORMAT = "dwarf-with-dsym";
				ENABLE_NS_ASSERTIONS = NO;
				ENABLE_STRICT_OBJC_MSGSEND = YES;
				GCC_C_LANGUAGE_STANDARD = gnu11;
				GCC_NO_COMMON_BLOCKS = YES;
				GCC_WARN_64_TO_32_BIT_CONVERSION = YES;
				GCC_WARN_ABOUT_RETURN_TYPE = YES_ERROR;
				GCC_WARN_UNDECLARED_SELECTOR = YES;
				GCC_WARN_UNINITIALIZED_AUTOS = YES_AGGRESSIVE;
				GCC_WARN_UNUSED_FUNCTION = YES;
				GCC_WARN_UNUSED_VARIABLE = YES;
				IPHONEOS_DEPLOYMENT_TARGET = 16.4;
				MTL_ENABLE_DEBUG_INFO = NO;
				MTL_FAST_MATH = YES;
				SDKROOT = iphoneos;
				SWIFT_COMPILATION_MODE = wholemodule;
				SWIFT_OPTIMIZATION_LEVEL = "-O";
				VALIDATE_PRODUCT = YES;
			};
			name = Release;
		};
		7213416D2B3B55D300AACD27 /* Debug */ = {
			isa = XCBuildConfiguration;
			buildSettings = {
				ASSETCATALOG_COMPILER_APPICON_NAME = AppIcon;
				ASSETCATALOG_COMPILER_GLOBAL_ACCENT_COLOR_NAME = AccentColor;
				CODE_SIGN_IDENTITY = "Apple Development";
				CODE_SIGN_STYLE = Automatic;
				CURRENT_PROJECT_VERSION = 1;
				DEVELOPMENT_TEAM = NNSY4YWNER;
				ENABLE_PREVIEWS = YES;
				GENERATE_INFOPLIST_FILE = YES;
				INFOPLIST_KEY_UIApplicationSceneManifest_Generation = YES;
				INFOPLIST_KEY_UIApplicationSupportsIndirectInputEvents = YES;
				INFOPLIST_KEY_UILaunchScreen_Generation = YES;
				INFOPLIST_KEY_UISupportedInterfaceOrientations = "UIInterfaceOrientationPortrait UIInterfaceOrientationPortraitUpsideDown";
				INFOPLIST_KEY_UISupportedInterfaceOrientations_iPad = "UIInterfaceOrientationLandscapeLeft UIInterfaceOrientationLandscapeRight UIInterfaceOrientationPortrait UIInterfaceOrientationPortraitUpsideDown";
				IPHONEOS_DEPLOYMENT_TARGET = 17.5;
				LD_RUNPATH_SEARCH_PATHS = (
					"$(inherited)",
					"@executable_path/Frameworks",
				);
				MARKETING_VERSION = 1.0;
				PRODUCT_BUNDLE_IDENTIFIER = nimcity.WeeklyPlanner;
				PRODUCT_NAME = "$(TARGET_NAME)";
				PROVISIONING_PROFILE_SPECIFIER = "";
				SUPPORTED_PLATFORMS = "iphoneos iphonesimulator";
				SUPPORTS_MACCATALYST = NO;
				SUPPORTS_MAC_DESIGNED_FOR_IPHONE_IPAD = NO;
				SUPPORTS_XR_DESIGNED_FOR_IPHONE_IPAD = NO;
				SWIFT_EMIT_LOC_STRINGS = YES;
				SWIFT_VERSION = 5.0;
				TARGETED_DEVICE_FAMILY = 1;
			};
			name = Debug;
		};
		7213416E2B3B55D300AACD27 /* Release */ = {
			isa = XCBuildConfiguration;
			buildSettings = {
				ASSETCATALOG_COMPILER_APPICON_NAME = AppIcon;
				ASSETCATALOG_COMPILER_GLOBAL_ACCENT_COLOR_NAME = AccentColor;
				CODE_SIGN_IDENTITY = "Apple Development";
				CODE_SIGN_STYLE = Automatic;
				CURRENT_PROJECT_VERSION = 1;
				DEVELOPMENT_TEAM = NNSY4YWNER;
				ENABLE_PREVIEWS = YES;
				GENERATE_INFOPLIST_FILE = YES;
				INFOPLIST_KEY_UIApplicationSceneManifest_Generation = YES;
				INFOPLIST_KEY_UIApplicationSupportsIndirectInputEvents = YES;
				INFOPLIST_KEY_UILaunchScreen_Generation = YES;
				INFOPLIST_KEY_UISupportedInterfaceOrientations = "UIInterfaceOrientationPortrait UIInterfaceOrientationPortraitUpsideDown";
				INFOPLIST_KEY_UISupportedInterfaceOrientations_iPad = "UIInterfaceOrientationLandscapeLeft UIInterfaceOrientationLandscapeRight UIInterfaceOrientationPortrait UIInterfaceOrientationPortraitUpsideDown";
				IPHONEOS_DEPLOYMENT_TARGET = 17.5;
				LD_RUNPATH_SEARCH_PATHS = (
					"$(inherited)",
					"@executable_path/Frameworks",
				);
				MARKETING_VERSION = 1.0;
				PRODUCT_BUNDLE_IDENTIFIER = nimcity.WeeklyPlanner;
				PRODUCT_NAME = "$(TARGET_NAME)";
				PROVISIONING_PROFILE_SPECIFIER = "";
				SUPPORTED_PLATFORMS = "iphoneos iphonesimulator";
				SUPPORTS_MACCATALYST = NO;
				SUPPORTS_MAC_DESIGNED_FOR_IPHONE_IPAD = NO;
				SUPPORTS_XR_DESIGNED_FOR_IPHONE_IPAD = NO;
				SWIFT_EMIT_LOC_STRINGS = YES;
				SWIFT_VERSION = 5.0;
				TARGETED_DEVICE_FAMILY = 1;
			};
			name = Release;
		};
		721341702B3B55D300AACD27 /* Debug */ = {
			isa = XCBuildConfiguration;
			buildSettings = {
				ALWAYS_EMBED_SWIFT_STANDARD_LIBRARIES = YES;
				BUNDLE_LOADER = "$(TEST_HOST)";
				CODE_SIGN_STYLE = Automatic;
				CURRENT_PROJECT_VERSION = 1;
				GENERATE_INFOPLIST_FILE = YES;
				IPHONEOS_DEPLOYMENT_TARGET = 16.4;
				MARKETING_VERSION = 1.0;
				PRODUCT_BUNDLE_IDENTIFIER = nimcity.WeeklyPlannerTests;
				PRODUCT_NAME = "$(TARGET_NAME)";
				SWIFT_EMIT_LOC_STRINGS = NO;
				SWIFT_VERSION = 5.0;
				TARGETED_DEVICE_FAMILY = "1,2";
				TEST_HOST = "$(BUILT_PRODUCTS_DIR)/WeeklyPlanner.app/$(BUNDLE_EXECUTABLE_FOLDER_PATH)/WeeklyPlanner";
			};
			name = Debug;
		};
		721341712B3B55D300AACD27 /* Release */ = {
			isa = XCBuildConfiguration;
			buildSettings = {
				ALWAYS_EMBED_SWIFT_STANDARD_LIBRARIES = YES;
				BUNDLE_LOADER = "$(TEST_HOST)";
				CODE_SIGN_STYLE = Automatic;
				CURRENT_PROJECT_VERSION = 1;
				GENERATE_INFOPLIST_FILE = YES;
				IPHONEOS_DEPLOYMENT_TARGET = 16.4;
				MARKETING_VERSION = 1.0;
				PRODUCT_BUNDLE_IDENTIFIER = nimcity.WeeklyPlannerTests;
				PRODUCT_NAME = "$(TARGET_NAME)";
				SWIFT_EMIT_LOC_STRINGS = NO;
				SWIFT_VERSION = 5.0;
				TARGETED_DEVICE_FAMILY = "1,2";
				TEST_HOST = "$(BUILT_PRODUCTS_DIR)/WeeklyPlanner.app/$(BUNDLE_EXECUTABLE_FOLDER_PATH)/WeeklyPlanner";
			};
			name = Release;
		};
		721341732B3B55D300AACD27 /* Debug */ = {
			isa = XCBuildConfiguration;
			buildSettings = {
				ALWAYS_EMBED_SWIFT_STANDARD_LIBRARIES = YES;
				CODE_SIGN_STYLE = Automatic;
				CURRENT_PROJECT_VERSION = 1;
				GENERATE_INFOPLIST_FILE = YES;
				MARKETING_VERSION = 1.0;
				PRODUCT_BUNDLE_IDENTIFIER = nimcity.WeeklyPlannerUITests;
				PRODUCT_NAME = "$(TARGET_NAME)";
				SWIFT_EMIT_LOC_STRINGS = NO;
				SWIFT_VERSION = 5.0;
				TARGETED_DEVICE_FAMILY = "1,2";
				TEST_TARGET_NAME = WeeklyPlanner;
			};
			name = Debug;
		};
		721341742B3B55D300AACD27 /* Release */ = {
			isa = XCBuildConfiguration;
			buildSettings = {
				ALWAYS_EMBED_SWIFT_STANDARD_LIBRARIES = YES;
				CODE_SIGN_STYLE = Automatic;
				CURRENT_PROJECT_VERSION = 1;
				GENERATE_INFOPLIST_FILE = YES;
				MARKETING_VERSION = 1.0;
				PRODUCT_BUNDLE_IDENTIFIER = nimcity.WeeklyPlannerUITests;
				PRODUCT_NAME = "$(TARGET_NAME)";
				SWIFT_EMIT_LOC_STRINGS = NO;
				SWIFT_VERSION = 5.0;
				TARGETED_DEVICE_FAMILY = "1,2";
				TEST_TARGET_NAME = WeeklyPlanner;
			};
			name = Release;
		};
/* End XCBuildConfiguration section */

/* Begin XCConfigurationList section */
		7213413E2B3B55D100AACD27 /* Build configuration list for PBXProject "WeeklyPlanner" */ = {
			isa = XCConfigurationList;
			buildConfigurations = (
				7213416A2B3B55D300AACD27 /* Debug */,
				7213416B2B3B55D300AACD27 /* Release */,
			);
			defaultConfigurationIsVisible = 0;
			defaultConfigurationName = Release;
		};
		7213416C2B3B55D300AACD27 /* Build configuration list for PBXNativeTarget "WeeklyPlanner" */ = {
			isa = XCConfigurationList;
			buildConfigurations = (
				7213416D2B3B55D300AACD27 /* Debug */,
				7213416E2B3B55D300AACD27 /* Release */,
			);
			defaultConfigurationIsVisible = 0;
			defaultConfigurationName = Release;
		};
		7213416F2B3B55D300AACD27 /* Build configuration list for PBXNativeTarget "WeeklyPlannerTests" */ = {
			isa = XCConfigurationList;
			buildConfigurations = (
				721341702B3B55D300AACD27 /* Debug */,
				721341712B3B55D300AACD27 /* Release */,
			);
			defaultConfigurationIsVisible = 0;
			defaultConfigurationName = Release;
		};
		721341722B3B55D300AACD27 /* Build configuration list for PBXNativeTarget "WeeklyPlannerUITests" */ = {
			isa = XCConfigurationList;
			buildConfigurations = (
				721341732B3B55D300AACD27 /* Debug */,
				721341742B3B55D300AACD27 /* Release */,
			);
			defaultConfigurationIsVisible = 0;
			defaultConfigurationName = Release;
		};
/* End XCConfigurationList section */

/* Begin XCVersionGroup section */
		721341512B3B55D200AACD27 /* WeeklyPlanner.xcdatamodeld */ = {
			isa = XCVersionGroup;
			children = (
				721341522B3B55D200AACD27 /* WeeklyPlanner.xcdatamodel */,
			);
			currentVersion = 721341522B3B55D200AACD27 /* WeeklyPlanner.xcdatamodel */;
			path = WeeklyPlanner.xcdatamodeld;
			sourceTree = "<group>";
			versionGroupType = wrapper.xcdatamodel;
		};
/* End XCVersionGroup section */
	};
	rootObject = 7213413B2B3B55D100AACD27 /* Project object */;
}
